
Microsoft Visual Studio Solution File, Format Version 12.00
# Visual Studio 2015
Project("{FAE04EC0-301F-11D3-BF4B-00C04F79EFBC}") = "Vac u me.CSharp.Plugins", "Vac u me.CSharp.Plugins.csproj", "{BDBCE4AC-D31A-2846-660E-876836060E86}"
EndProject
Project("{FAE04EC0-301F-11D3-BF4B-00C04F79EFBC}") = "Vac u me.CSharp", "Vac u me.CSharp.csproj", "{42ED7C54-7594-FD14-0A15-DF1A632088AD}"
EndProject
Project("{FAE04EC0-301F-11D3-BF4B-00C04F79EFBC}") = "Vac u me.CSharp.Editor", "Vac u me.CSharp.Editor.csproj", "{02D392AD-1FCA-A279-9AFA-00D961D00735}"
EndProject
Global
	GlobalSection(SolutionConfigurationPlatforms) = preSolution
		Debug|Any CPU = Debug|Any CPU
		Release|Any CPU = Release|Any CPU
	EndGlobalSection
	GlobalSection(ProjectConfigurationPlatforms) = postSolution
		{BDBCE4AC-D31A-2846-660E-876836060E86}.Debug|Any CPU.ActiveCfg = Debug|Any CPU
		{BDBCE4AC-D31A-2846-660E-876836060E86}.Debug|Any CPU.Build.0 = Debug|Any CPU
		{BDBCE4AC-D31A-2846-660E-876836060E86}.Release|Any CPU.ActiveCfg = Release|Any CPU
		{BDBCE4AC-D31A-2846-660E-876836060E86}.Release|Any CPU.Build.0 = Release|Any CPU
		{42ED7C54-7594-FD14-0A15-DF1A632088AD}.Debug|Any CPU.ActiveCfg = Debug|Any CPU
		{42ED7C54-7594-FD14-0A15-DF1A632088AD}.Debug|Any CPU.Build.0 = Debug|Any CPU
		{42ED7C54-7594-FD14-0A15-DF1A632088AD}.Release|Any CPU.ActiveCfg = Release|Any CPU
		{42ED7C54-7594-FD14-0A15-DF1A632088AD}.Release|Any CPU.Build.0 = Release|Any CPU
		{02D392AD-1FCA-A279-9AFA-00D961D00735}.Debug|Any CPU.ActiveCfg = Debug|Any CPU
		{02D392AD-1FCA-A279-9AFA-00D961D00735}.Debug|Any CPU.Build.0 = Debug|Any CPU
		{02D392AD-1FCA-A279-9AFA-00D961D00735}.Release|Any CPU.ActiveCfg = Release|Any CPU
		{02D392AD-1FCA-A279-9AFA-00D961D00735}.Release|Any CPU.Build.0 = Release|Any CPU
	EndGlobalSection
	GlobalSection(SolutionProperties) = preSolution
		HideSolutionNode = FALSE
	EndGlobalSection
EndGlobal
